// !$*UTF8*$!
{
	archiveVersion = 1;
	classes = {
	};
	objectVersion = 55;
	objects = {

/* Begin PBXBuildFile section */
		2397EF046820CCE0B159701D /* Pods_FlickerImageSearch.framework in Frameworks */ = {isa = PBXBuildFile; fileRef = 1E7E81F883D987DD93682D5E /* Pods_FlickerImageSearch.framework */; };
		B820AEEE0176507D5896D454 /* Pods_FlickerImageSearch_FlickerImageSearchUITests.framework in Frameworks */ = {isa = PBXBuildFile; fileRef = 9D1BE118B363003484B5D74C /* Pods_FlickerImageSearch_FlickerImageSearchUITests.framework */; };
		BC96EE08282705D20066E511 /* FlickerImageCollectionViewCell.swift in Sources */ = {isa = PBXBuildFile; fileRef = BC96EE06282705D20066E511 /* FlickerImageCollectionViewCell.swift */; };
		BC96EE0B282705D20066E511 /* FlickerImageCollectionViewCell.xib in Resources */ = {isa = PBXBuildFile; fileRef = BC96EE07282705D20066E511 /* FlickerImageCollectionViewCell.xib */; };
		BC96EE0F28270BAB0066E511 /* FlickerImageModel.swift in Sources */ = {isa = PBXBuildFile; fileRef = BC96EE0E28270BAB0066E511 /* FlickerImageModel.swift */; };
		BC96EE1528271E6E0066E511 /* RecentSearchCollectionViewCell.swift in Sources */ = {isa = PBXBuildFile; fileRef = BC96EE1328271E6E0066E511 /* RecentSearchCollectionViewCell.swift */; };
		BC96EE1828271E6E0066E511 /* RecentSearchCollectionViewCell.xib in Resources */ = {isa = PBXBuildFile; fileRef = BC96EE1428271E6E0066E511 /* RecentSearchCollectionViewCell.xib */; };
		BC96EE1E2827CCF50066E511 /* FlickerHeaderCollectionReusableView.swift in Sources */ = {isa = PBXBuildFile; fileRef = BC96EE1C2827CCF50066E511 /* FlickerHeaderCollectionReusableView.swift */; };
		BC96EE212827CCF50066E511 /* FlickerHeaderCollectionReusableView.xib in Resources */ = {isa = PBXBuildFile; fileRef = BC96EE1D2827CCF50066E511 /* FlickerHeaderCollectionReusableView.xib */; };
		BC96EE242827E9620066E511 /* Constant.swift in Sources */ = {isa = PBXBuildFile; fileRef = BC99CC2B28268FD200AEA12A /* Constant.swift */; };
		BC96EE432829940B0066E511 /* FlickerSearchDataSource.swift in Sources */ = {isa = PBXBuildFile; fileRef = BC96EE422829940B0066E511 /* FlickerSearchDataSource.swift */; };
		BC96EE472829C1F10066E511 /* ConnectionManager.swift in Sources */ = {isa = PBXBuildFile; fileRef = BC96EE462829C1F10066E511 /* ConnectionManager.swift */; };
		BC96EE492829D15C0066E511 /* FlickerImageDataSourceTests.swift in Sources */ = {isa = PBXBuildFile; fileRef = BC96EE482829D15C0066E511 /* FlickerImageDataSourceTests.swift */; };
		BC96EE4B2829D5FA0066E511 /* searchSample.json in Resources */ = {isa = PBXBuildFile; fileRef = BC96EE4A2829D5FA0066E511 /* searchSample.json */; };
		BC99CC052825A2C800AEA12A /* ErrorHandler.swift in Sources */ = {isa = PBXBuildFile; fileRef = BC99CC042825A2C800AEA12A /* ErrorHandler.swift */; };
		BC99CC062825A2CA00AEA12A /* ErrorHandler.swift in Sources */ = {isa = PBXBuildFile; fileRef = BC99CC042825A2C800AEA12A /* ErrorHandler.swift */; };
		BC99CC082825A31000AEA12A /* HTTPStatusCode.swift in Sources */ = {isa = PBXBuildFile; fileRef = BC99CC072825A31000AEA12A /* HTTPStatusCode.swift */; };
		BC99CC092825A31000AEA12A /* HTTPStatusCode.swift in Sources */ = {isa = PBXBuildFile; fileRef = BC99CC072825A31000AEA12A /* HTTPStatusCode.swift */; };
		BC99CC0B2825A4BE00AEA12A /* NetworkResponse.swift in Sources */ = {isa = PBXBuildFile; fileRef = BC99CC0A2825A4BD00AEA12A /* NetworkResponse.swift */; };
		BC99CC0C2825A4BE00AEA12A /* NetworkResponse.swift in Sources */ = {isa = PBXBuildFile; fileRef = BC99CC0A2825A4BD00AEA12A /* NetworkResponse.swift */; };
		BC99CC2028268D7C00AEA12A /* NetworkLogger.swift in Sources */ = {isa = PBXBuildFile; fileRef = BC99CC1F28268D7C00AEA12A /* NetworkLogger.swift */; };
		BC99CC2128268D7C00AEA12A /* NetworkLogger.swift in Sources */ = {isa = PBXBuildFile; fileRef = BC99CC1F28268D7C00AEA12A /* NetworkLogger.swift */; };
		BC99CC2828268EF500AEA12A /* Extensions.swift in Sources */ = {isa = PBXBuildFile; fileRef = BC99CC2728268EF500AEA12A /* Extensions.swift */; };
		BC99CC2928268EF500AEA12A /* Extensions.swift in Sources */ = {isa = PBXBuildFile; fileRef = BC99CC2728268EF500AEA12A /* Extensions.swift */; };
		BC99CC3028268FD200AEA12A /* Constant.swift in Sources */ = {isa = PBXBuildFile; fileRef = BC99CC2B28268FD200AEA12A /* Constant.swift */; };
		BC99CC3228268FD200AEA12A /* FlickerSearchResult.swift in Sources */ = {isa = PBXBuildFile; fileRef = BC99CC2D28268FD200AEA12A /* FlickerSearchResult.swift */; };
		BC99CC3428268FD200AEA12A /* ImageSearchService.swift in Sources */ = {isa = PBXBuildFile; fileRef = BC99CC2F28268FD200AEA12A /* ImageSearchService.swift */; };
		BC99CC382826997700AEA12A /* FlickerSearchViewModel.swift in Sources */ = {isa = PBXBuildFile; fileRef = BC99CC372826997700AEA12A /* FlickerSearchViewModel.swift */; };
		BCBA49E62825937D00D3A2E9 /* AppDelegate.swift in Sources */ = {isa = PBXBuildFile; fileRef = BCBA49E52825937D00D3A2E9 /* AppDelegate.swift */; };
		BCBA49E82825937D00D3A2E9 /* SceneDelegate.swift in Sources */ = {isa = PBXBuildFile; fileRef = BCBA49E72825937D00D3A2E9 /* SceneDelegate.swift */; };
		BCBA49EA2825937D00D3A2E9 /* FlickerSearchViewController.swift in Sources */ = {isa = PBXBuildFile; fileRef = BCBA49E92825937D00D3A2E9 /* FlickerSearchViewController.swift */; };
		BCBA49ED2825937D00D3A2E9 /* Main.storyboard in Resources */ = {isa = PBXBuildFile; fileRef = BCBA49EB2825937D00D3A2E9 /* Main.storyboard */; };
		BCBA49EF2825937F00D3A2E9 /* Assets.xcassets in Resources */ = {isa = PBXBuildFile; fileRef = BCBA49EE2825937F00D3A2E9 /* Assets.xcassets */; };
		BCBA49F22825937F00D3A2E9 /* LaunchScreen.storyboard in Resources */ = {isa = PBXBuildFile; fileRef = BCBA49F02825937F00D3A2E9 /* LaunchScreen.storyboard */; };
		BCBA49FD2825937F00D3A2E9 /* FlickerImageSearchTests.swift in Sources */ = {isa = PBXBuildFile; fileRef = BCBA49FC2825937F00D3A2E9 /* FlickerImageSearchTests.swift */; };
		BCBA4A072825937F00D3A2E9 /* FlickerImageSearchUITests.swift in Sources */ = {isa = PBXBuildFile; fileRef = BCBA4A062825937F00D3A2E9 /* FlickerImageSearchUITests.swift */; };
		BCBA4A092825937F00D3A2E9 /* FlickerImageSearchUITestsLaunchTests.swift in Sources */ = {isa = PBXBuildFile; fileRef = BCBA4A082825937F00D3A2E9 /* FlickerImageSearchUITestsLaunchTests.swift */; };
		BCBA4A172825953B00D3A2E9 /* NetworkManager.swift in Sources */ = {isa = PBXBuildFile; fileRef = BCBA4A162825953B00D3A2E9 /* NetworkManager.swift */; };
		BCBA4A192825977200D3A2E9 /* NetworkRequest.swift in Sources */ = {isa = PBXBuildFile; fileRef = BCBA4A182825977100D3A2E9 /* NetworkRequest.swift */; };
		BCBA4A1A2825977200D3A2E9 /* NetworkRequest.swift in Sources */ = {isa = PBXBuildFile; fileRef = BCBA4A182825977100D3A2E9 /* NetworkRequest.swift */; };
		BCBA4A1C2825985B00D3A2E9 /* NetworkBody.swift in Sources */ = {isa = PBXBuildFile; fileRef = BCBA4A1B2825985B00D3A2E9 /* NetworkBody.swift */; };
		BCBA4A1D2825985B00D3A2E9 /* NetworkBody.swift in Sources */ = {isa = PBXBuildFile; fileRef = BCBA4A1B2825985B00D3A2E9 /* NetworkBody.swift */; };
		BCBA4A23282599F500D3A2E9 /* NetworkEnvironment.swift in Sources */ = {isa = PBXBuildFile; fileRef = BCBA4A22282599F500D3A2E9 /* NetworkEnvironment.swift */; };
		BCBA4A24282599F500D3A2E9 /* NetworkEnvironment.swift in Sources */ = {isa = PBXBuildFile; fileRef = BCBA4A22282599F500D3A2E9 /* NetworkEnvironment.swift */; };
		ECBE6BE28B2238828D21FBC6 /* Pods_FlickerImageSearchTests.framework in Frameworks */ = {isa = PBXBuildFile; fileRef = C39B018DEB82BB7BB300BDCE /* Pods_FlickerImageSearchTests.framework */; };
/* End PBXBuildFile section */

/* Begin PBXContainerItemProxy section */
		BCBA49F92825937F00D3A2E9 /* PBXContainerItemProxy */ = {
			isa = PBXContainerItemProxy;
			containerPortal = BCBA49DA2825937D00D3A2E9 /* Project object */;
			proxyType = 1;
			remoteGlobalIDString = BCBA49E12825937D00D3A2E9;
			remoteInfo = FlickerImageSearch;
		};
		BCBA4A032825937F00D3A2E9 /* PBXContainerItemProxy */ = {
			isa = PBXContainerItemProxy;
			containerPortal = BCBA49DA2825937D00D3A2E9 /* Project object */;
			proxyType = 1;
			remoteGlobalIDString = BCBA49E12825937D00D3A2E9;
			remoteInfo = FlickerImageSearch;
		};
/* End PBXContainerItemProxy section */

/* Begin PBXFileReference section */
		1C1B269445BB449C9A771DD4 /* Pods-FlickerImageSearch-FlickerImageSearchUITests.release.xcconfig */ = {isa = PBXFileReference; includeInIndex = 1; lastKnownFileType = text.xcconfig; name = "Pods-FlickerImageSearch-FlickerImageSearchUITests.release.xcconfig"; path = "Target Support Files/Pods-FlickerImageSearch-FlickerImageSearchUITests/Pods-FlickerImageSearch-FlickerImageSearchUITests.release.xcconfig"; sourceTree = "<group>"; };
		1E7E81F883D987DD93682D5E /* Pods_FlickerImageSearch.framework */ = {isa = PBXFileReference; explicitFileType = wrapper.framework; includeInIndex = 0; path = Pods_FlickerImageSearch.framework; sourceTree = BUILT_PRODUCTS_DIR; };
		67933F4F479E1F680E59C920 /* Pods-FlickerImageSearchTests.debug.xcconfig */ = {isa = PBXFileReference; includeInIndex = 1; lastKnownFileType = text.xcconfig; name = "Pods-FlickerImageSearchTests.debug.xcconfig"; path = "Target Support Files/Pods-FlickerImageSearchTests/Pods-FlickerImageSearchTests.debug.xcconfig"; sourceTree = "<group>"; };
		71398656FC7DABED60E7687E /* Pods-FlickerImageSearch.release.xcconfig */ = {isa = PBXFileReference; includeInIndex = 1; lastKnownFileType = text.xcconfig; name = "Pods-FlickerImageSearch.release.xcconfig"; path = "Target Support Files/Pods-FlickerImageSearch/Pods-FlickerImageSearch.release.xcconfig"; sourceTree = "<group>"; };
		9D1BE118B363003484B5D74C /* Pods_FlickerImageSearch_FlickerImageSearchUITests.framework */ = {isa = PBXFileReference; explicitFileType = wrapper.framework; includeInIndex = 0; path = Pods_FlickerImageSearch_FlickerImageSearchUITests.framework; sourceTree = BUILT_PRODUCTS_DIR; };
		AAE3F55129B2C20B21EB5430 /* Pods-FlickerImageSearchTests.release.xcconfig */ = {isa = PBXFileReference; includeInIndex = 1; lastKnownFileType = text.xcconfig; name = "Pods-FlickerImageSearchTests.release.xcconfig"; path = "Target Support Files/Pods-FlickerImageSearchTests/Pods-FlickerImageSearchTests.release.xcconfig"; sourceTree = "<group>"; };
		BC96EE06282705D20066E511 /* FlickerImageCollectionViewCell.swift */ = {isa = PBXFileReference; lastKnownFileType = sourcecode.swift; path = FlickerImageCollectionViewCell.swift; sourceTree = "<group>"; };
		BC96EE07282705D20066E511 /* FlickerImageCollectionViewCell.xib */ = {isa = PBXFileReference; lastKnownFileType = file.xib; path = FlickerImageCollectionViewCell.xib; sourceTree = "<group>"; };
		BC96EE0E28270BAB0066E511 /* FlickerImageModel.swift */ = {isa = PBXFileReference; lastKnownFileType = sourcecode.swift; path = FlickerImageModel.swift; sourceTree = "<group>"; };
		BC96EE1328271E6E0066E511 /* RecentSearchCollectionViewCell.swift */ = {isa = PBXFileReference; lastKnownFileType = sourcecode.swift; path = RecentSearchCollectionViewCell.swift; sourceTree = "<group>"; };
		BC96EE1428271E6E0066E511 /* RecentSearchCollectionViewCell.xib */ = {isa = PBXFileReference; lastKnownFileType = file.xib; path = RecentSearchCollectionViewCell.xib; sourceTree = "<group>"; };
		BC96EE1C2827CCF50066E511 /* FlickerHeaderCollectionReusableView.swift */ = {isa = PBXFileReference; lastKnownFileType = sourcecode.swift; path = FlickerHeaderCollectionReusableView.swift; sourceTree = "<group>"; };
		BC96EE1D2827CCF50066E511 /* FlickerHeaderCollectionReusableView.xib */ = {isa = PBXFileReference; lastKnownFileType = file.xib; path = FlickerHeaderCollectionReusableView.xib; sourceTree = "<group>"; };
		BC96EE422829940B0066E511 /* FlickerSearchDataSource.swift */ = {isa = PBXFileReference; lastKnownFileType = sourcecode.swift; path = FlickerSearchDataSource.swift; sourceTree = "<group>"; };
		BC96EE462829C1F10066E511 /* ConnectionManager.swift */ = {isa = PBXFileReference; lastKnownFileType = sourcecode.swift; path = ConnectionManager.swift; sourceTree = "<group>"; };
		BC96EE482829D15C0066E511 /* FlickerImageDataSourceTests.swift */ = {isa = PBXFileReference; lastKnownFileType = sourcecode.swift; path = FlickerImageDataSourceTests.swift; sourceTree = "<group>"; };
		BC96EE4A2829D5FA0066E511 /* searchSample.json */ = {isa = PBXFileReference; fileEncoding = 4; lastKnownFileType = text.json; path = searchSample.json; sourceTree = "<group>"; };
		BC99CC042825A2C800AEA12A /* ErrorHandler.swift */ = {isa = PBXFileReference; lastKnownFileType = sourcecode.swift; path = ErrorHandler.swift; sourceTree = "<group>"; };
		BC99CC072825A31000AEA12A /* HTTPStatusCode.swift */ = {isa = PBXFileReference; lastKnownFileType = sourcecode.swift; path = HTTPStatusCode.swift; sourceTree = "<group>"; };
		BC99CC0A2825A4BD00AEA12A /* NetworkResponse.swift */ = {isa = PBXFileReference; lastKnownFileType = sourcecode.swift; path = NetworkResponse.swift; sourceTree = "<group>"; };
		BC99CC1F28268D7C00AEA12A /* NetworkLogger.swift */ = {isa = PBXFileReference; lastKnownFileType = sourcecode.swift; path = NetworkLogger.swift; sourceTree = "<group>"; };
		BC99CC2728268EF500AEA12A /* Extensions.swift */ = {isa = PBXFileReference; fileEncoding = 4; lastKnownFileType = sourcecode.swift; path = Extensions.swift; sourceTree = "<group>"; };
		BC99CC2B28268FD200AEA12A /* Constant.swift */ = {isa = PBXFileReference; fileEncoding = 4; lastKnownFileType = sourcecode.swift; path = Constant.swift; sourceTree = "<group>"; };
		BC99CC2D28268FD200AEA12A /* FlickerSearchResult.swift */ = {isa = PBXFileReference; fileEncoding = 4; lastKnownFileType = sourcecode.swift; path = FlickerSearchResult.swift; sourceTree = "<group>"; };
		BC99CC2F28268FD200AEA12A /* ImageSearchService.swift */ = {isa = PBXFileReference; fileEncoding = 4; lastKnownFileType = sourcecode.swift; path = ImageSearchService.swift; sourceTree = "<group>"; };
		BC99CC372826997700AEA12A /* FlickerSearchViewModel.swift */ = {isa = PBXFileReference; lastKnownFileType = sourcecode.swift; path = FlickerSearchViewModel.swift; sourceTree = "<group>"; };
		BCBA49E22825937D00D3A2E9 /* FlickerImageSearch.app */ = {isa = PBXFileReference; explicitFileType = wrapper.application; includeInIndex = 0; path = FlickerImageSearch.app; sourceTree = BUILT_PRODUCTS_DIR; };
		BCBA49E52825937D00D3A2E9 /* AppDelegate.swift */ = {isa = PBXFileReference; lastKnownFileType = sourcecode.swift; path = AppDelegate.swift; sourceTree = "<group>"; };
		BCBA49E72825937D00D3A2E9 /* SceneDelegate.swift */ = {isa = PBXFileReference; lastKnownFileType = sourcecode.swift; path = SceneDelegate.swift; sourceTree = "<group>"; };
		BCBA49E92825937D00D3A2E9 /* FlickerSearchViewController.swift */ = {isa = PBXFileReference; lastKnownFileType = sourcecode.swift; path = FlickerSearchViewController.swift; sourceTree = "<group>"; };
		BCBA49EC2825937D00D3A2E9 /* Base */ = {isa = PBXFileReference; lastKnownFileType = file.storyboard; name = Base; path = Base.lproj/Main.storyboard; sourceTree = "<group>"; };
		BCBA49EE2825937F00D3A2E9 /* Assets.xcassets */ = {isa = PBXFileReference; lastKnownFileType = folder.assetcatalog; path = Assets.xcassets; sourceTree = "<group>"; };
		BCBA49F12825937F00D3A2E9 /* Base */ = {isa = PBXFileReference; lastKnownFileType = file.storyboard; name = Base; path = Base.lproj/LaunchScreen.storyboard; sourceTree = "<group>"; };
		BCBA49F32825937F00D3A2E9 /* Info.plist */ = {isa = PBXFileReference; lastKnownFileType = text.plist.xml; path = Info.plist; sourceTree = "<group>"; };
		BCBA49F82825937F00D3A2E9 /* FlickerImageSearchTests.xctest */ = {isa = PBXFileReference; explicitFileType = wrapper.cfbundle; includeInIndex = 0; path = FlickerImageSearchTests.xctest; sourceTree = BUILT_PRODUCTS_DIR; };
		BCBA49FC2825937F00D3A2E9 /* FlickerImageSearchTests.swift */ = {isa = PBXFileReference; lastKnownFileType = sourcecode.swift; path = FlickerImageSearchTests.swift; sourceTree = "<group>"; };
		BCBA4A022825937F00D3A2E9 /* FlickerImageSearchUITests.xctest */ = {isa = PBXFileReference; explicitFileType = wrapper.cfbundle; includeInIndex = 0; path = FlickerImageSearchUITests.xctest; sourceTree = BUILT_PRODUCTS_DIR; };
		BCBA4A062825937F00D3A2E9 /* FlickerImageSearchUITests.swift */ = {isa = PBXFileReference; lastKnownFileType = sourcecode.swift; path = FlickerImageSearchUITests.swift; sourceTree = "<group>"; };
		BCBA4A082825937F00D3A2E9 /* FlickerImageSearchUITestsLaunchTests.swift */ = {isa = PBXFileReference; lastKnownFileType = sourcecode.swift; path = FlickerImageSearchUITestsLaunchTests.swift; sourceTree = "<group>"; };
		BCBA4A162825953B00D3A2E9 /* NetworkManager.swift */ = {isa = PBXFileReference; lastKnownFileType = sourcecode.swift; path = NetworkManager.swift; sourceTree = "<group>"; };
		BCBA4A182825977100D3A2E9 /* NetworkRequest.swift */ = {isa = PBXFileReference; lastKnownFileType = sourcecode.swift; path = NetworkRequest.swift; sourceTree = "<group>"; };
		BCBA4A1B2825985B00D3A2E9 /* NetworkBody.swift */ = {isa = PBXFileReference; lastKnownFileType = sourcecode.swift; path = NetworkBody.swift; sourceTree = "<group>"; };
		BCBA4A22282599F500D3A2E9 /* NetworkEnvironment.swift */ = {isa = PBXFileReference; lastKnownFileType = sourcecode.swift; path = NetworkEnvironment.swift; sourceTree = "<group>"; };
		C39B018DEB82BB7BB300BDCE /* Pods_FlickerImageSearchTests.framework */ = {isa = PBXFileReference; explicitFileType = wrapper.framework; includeInIndex = 0; path = Pods_FlickerImageSearchTests.framework; sourceTree = BUILT_PRODUCTS_DIR; };
		DCF1F8A9B6002DC177248EF7 /* Pods-FlickerImageSearch-FlickerImageSearchUITests.debug.xcconfig */ = {isa = PBXFileReference; includeInIndex = 1; lastKnownFileType = text.xcconfig; name = "Pods-FlickerImageSearch-FlickerImageSearchUITests.debug.xcconfig"; path = "Target Support Files/Pods-FlickerImageSearch-FlickerImageSearchUITests/Pods-FlickerImageSearch-FlickerImageSearchUITests.debug.xcconfig"; sourceTree = "<group>"; };
		E9AE1C1112B5A2C4FB0563BF /* Pods-FlickerImageSearch.debug.xcconfig */ = {isa = PBXFileReference; includeInIndex = 1; lastKnownFileType = text.xcconfig; name = "Pods-FlickerImageSearch.debug.xcconfig"; path = "Target Support Files/Pods-FlickerImageSearch/Pods-FlickerImageSearch.debug.xcconfig"; sourceTree = "<group>"; };
/* End PBXFileReference section */

/* Begin PBXFrameworksBuildPhase section */
		BCBA49DF2825937D00D3A2E9 /* Frameworks */ = {
			isa = PBXFrameworksBuildPhase;
			buildActionMask = 2147483647;
			files = (
				2397EF046820CCE0B159701D /* Pods_FlickerImageSearch.framework in Frameworks */,
			);
			runOnlyForDeploymentPostprocessing = 0;
		};
		BCBA49F52825937F00D3A2E9 /* Frameworks */ = {
			isa = PBXFrameworksBuildPhase;
			buildActionMask = 2147483647;
			files = (
				ECBE6BE28B2238828D21FBC6 /* Pods_FlickerImageSearchTests.framework in Frameworks */,
			);
			runOnlyForDeploymentPostprocessing = 0;
		};
		BCBA49FF2825937F00D3A2E9 /* Frameworks */ = {
			isa = PBXFrameworksBuildPhase;
			buildActionMask = 2147483647;
			files = (
				B820AEEE0176507D5896D454 /* Pods_FlickerImageSearch_FlickerImageSearchUITests.framework in Frameworks */,
			);
			runOnlyForDeploymentPostprocessing = 0;
		};
/* End PBXFrameworksBuildPhase section */

/* Begin PBXGroup section */
		42FEDC58B8C0E8711C9A432C /* Pods */ = {
			isa = PBXGroup;
			children = (
				E9AE1C1112B5A2C4FB0563BF /* Pods-FlickerImageSearch.debug.xcconfig */,
				71398656FC7DABED60E7687E /* Pods-FlickerImageSearch.release.xcconfig */,
				DCF1F8A9B6002DC177248EF7 /* Pods-FlickerImageSearch-FlickerImageSearchUITests.debug.xcconfig */,
				1C1B269445BB449C9A771DD4 /* Pods-FlickerImageSearch-FlickerImageSearchUITests.release.xcconfig */,
				67933F4F479E1F680E59C920 /* Pods-FlickerImageSearchTests.debug.xcconfig */,
				AAE3F55129B2C20B21EB5430 /* Pods-FlickerImageSearchTests.release.xcconfig */,
			);
			path = Pods;
			sourceTree = "<group>";
		};
		BC96EE05282705B30066E511 /* Cell */ = {
			isa = PBXGroup;
			children = (
				BC96EE06282705D20066E511 /* FlickerImageCollectionViewCell.swift */,
				BC96EE07282705D20066E511 /* FlickerImageCollectionViewCell.xib */,
				BC96EE1328271E6E0066E511 /* RecentSearchCollectionViewCell.swift */,
				BC96EE1428271E6E0066E511 /* RecentSearchCollectionViewCell.xib */,
			);
			path = Cell;
			sourceTree = "<group>";
		};
		BC96EE1B2827CCB40066E511 /* View */ = {
			isa = PBXGroup;
			children = (
				BC96EE1C2827CCF50066E511 /* FlickerHeaderCollectionReusableView.swift */,
				BC96EE1D2827CCF50066E511 /* FlickerHeaderCollectionReusableView.xib */,
			);
			path = View;
			sourceTree = "<group>";
		};
		BC99CC2628268EF500AEA12A /* Utilities */ = {
			isa = PBXGroup;
			children = (
				BC99CC2728268EF500AEA12A /* Extensions.swift */,
			);
			path = Utilities;
			sourceTree = "<group>";
		};
		BC99CC2A28268FD200AEA12A /* FlickerSearch */ = {
			isa = PBXGroup;
			children = (
				BCBA49E92825937D00D3A2E9 /* FlickerSearchViewController.swift */,
				BC96EE422829940B0066E511 /* FlickerSearchDataSource.swift */,
				BC96EE1B2827CCB40066E511 /* View */,
				BC96EE05282705B30066E511 /* Cell */,
				BC99CC362826996000AEA12A /* ViewModel */,
				BC99CC2C28268FD200AEA12A /* Model */,
				BC99CC2E28268FD200AEA12A /* Service */,
			);
			path = FlickerSearch;
			sourceTree = "<group>";
		};
		BC99CC2C28268FD200AEA12A /* Model */ = {
			isa = PBXGroup;
			children = (
				BC99CC2D28268FD200AEA12A /* FlickerSearchResult.swift */,
				BC96EE0E28270BAB0066E511 /* FlickerImageModel.swift */,
			);
			path = Model;
			sourceTree = "<group>";
		};
		BC99CC2E28268FD200AEA12A /* Service */ = {
			isa = PBXGroup;
			children = (
				BC99CC2F28268FD200AEA12A /* ImageSearchService.swift */,
			);
			path = Service;
			sourceTree = "<group>";
		};
		BC99CC362826996000AEA12A /* ViewModel */ = {
			isa = PBXGroup;
			children = (
				BC99CC372826997700AEA12A /* FlickerSearchViewModel.swift */,
			);
			path = ViewModel;
			sourceTree = "<group>";
		};
		BCBA49D92825937D00D3A2E9 = {
			isa = PBXGroup;
			children = (
				BCBA49E42825937D00D3A2E9 /* FlickerImageSearch */,
				BCBA49FB2825937F00D3A2E9 /* FlickerImageSearchTests */,
				BCBA4A052825937F00D3A2E9 /* FlickerImageSearchUITests */,
				BCBA49E32825937D00D3A2E9 /* Products */,
				42FEDC58B8C0E8711C9A432C /* Pods */,
				FEFF683D2C38D7003E44333B /* Frameworks */,
			);
			sourceTree = "<group>";
		};
		BCBA49E32825937D00D3A2E9 /* Products */ = {
			isa = PBXGroup;
			children = (
				BCBA49E22825937D00D3A2E9 /* FlickerImageSearch.app */,
				BCBA49F82825937F00D3A2E9 /* FlickerImageSearchTests.xctest */,
				BCBA4A022825937F00D3A2E9 /* FlickerImageSearchUITests.xctest */,
			);
			name = Products;
			sourceTree = "<group>";
		};
		BCBA49E42825937D00D3A2E9 /* FlickerImageSearch */ = {
			isa = PBXGroup;
			children = (
				BC99CC2B28268FD200AEA12A /* Constant.swift */,
				BCBA4A152825952500D3A2E9 /* NetworkManager */,
				BC99CC2628268EF500AEA12A /* Utilities */,
				BC99CC2A28268FD200AEA12A /* FlickerSearch */,
				BCBA49E52825937D00D3A2E9 /* AppDelegate.swift */,
				BCBA49E72825937D00D3A2E9 /* SceneDelegate.swift */,
				BCBA49EB2825937D00D3A2E9 /* Main.storyboard */,
				BCBA49EE2825937F00D3A2E9 /* Assets.xcassets */,
				BCBA49F02825937F00D3A2E9 /* LaunchScreen.storyboard */,
				BCBA49F32825937F00D3A2E9 /* Info.plist */,
			);
			path = FlickerImageSearch;
			sourceTree = "<group>";
		};
		BCBA49FB2825937F00D3A2E9 /* FlickerImageSearchTests */ = {
			isa = PBXGroup;
			children = (
				BC96EE4A2829D5FA0066E511 /* searchSample.json */,
				BCBA49FC2825937F00D3A2E9 /* FlickerImageSearchTests.swift */,
				BC96EE482829D15C0066E511 /* FlickerImageDataSourceTests.swift */,
			);
			path = FlickerImageSearchTests;
			sourceTree = "<group>";
		};
		BCBA4A052825937F00D3A2E9 /* FlickerImageSearchUITests */ = {
			isa = PBXGroup;
			children = (
				BCBA4A062825937F00D3A2E9 /* FlickerImageSearchUITests.swift */,
				BCBA4A082825937F00D3A2E9 /* FlickerImageSearchUITestsLaunchTests.swift */,
			);
			path = FlickerImageSearchUITests;
			sourceTree = "<group>";
		};
		BCBA4A152825952500D3A2E9 /* NetworkManager */ = {
			isa = PBXGroup;
			children = (
				BCBA4A162825953B00D3A2E9 /* NetworkManager.swift */,
				BCBA4A182825977100D3A2E9 /* NetworkRequest.swift */,
				BCBA4A1B2825985B00D3A2E9 /* NetworkBody.swift */,
				BCBA4A22282599F500D3A2E9 /* NetworkEnvironment.swift */,
				BC99CC042825A2C800AEA12A /* ErrorHandler.swift */,
				BC99CC072825A31000AEA12A /* HTTPStatusCode.swift */,
				BC99CC0A2825A4BD00AEA12A /* NetworkResponse.swift */,
				BC99CC1F28268D7C00AEA12A /* NetworkLogger.swift */,
				BC96EE462829C1F10066E511 /* ConnectionManager.swift */,
			);
			path = NetworkManager;
			sourceTree = "<group>";
		};
		FEFF683D2C38D7003E44333B /* Frameworks */ = {
			isa = PBXGroup;
			children = (
				1E7E81F883D987DD93682D5E /* Pods_FlickerImageSearch.framework */,
				9D1BE118B363003484B5D74C /* Pods_FlickerImageSearch_FlickerImageSearchUITests.framework */,
				C39B018DEB82BB7BB300BDCE /* Pods_FlickerImageSearchTests.framework */,
			);
			name = Frameworks;
			sourceTree = "<group>";
		};
/* End PBXGroup section */

/* Begin PBXNativeTarget section */
		BCBA49E12825937D00D3A2E9 /* FlickerImageSearch */ = {
			isa = PBXNativeTarget;
			buildConfigurationList = BCBA4A0C2825937F00D3A2E9 /* Build configuration list for PBXNativeTarget "FlickerImageSearch" */;
			buildPhases = (
				12AF64141EA5DB9E2AA0E77A /* [CP] Check Pods Manifest.lock */,
				BCBA49DE2825937D00D3A2E9 /* Sources */,
				BCBA49DF2825937D00D3A2E9 /* Frameworks */,
				BCBA49E02825937D00D3A2E9 /* Resources */,
				4B9B0B9B7F6AA07B57EE3413 /* [CP] Embed Pods Frameworks */,
			);
			buildRules = (
			);
			dependencies = (
			);
			name = FlickerImageSearch;
			productName = FlickerImageSearch;
			productReference = BCBA49E22825937D00D3A2E9 /* FlickerImageSearch.app */;
			productType = "com.apple.product-type.application";
		};
		BCBA49F72825937F00D3A2E9 /* FlickerImageSearchTests */ = {
			isa = PBXNativeTarget;
			buildConfigurationList = BCBA4A0F2825937F00D3A2E9 /* Build configuration list for PBXNativeTarget "FlickerImageSearchTests" */;
			buildPhases = (
				71629D0E9D26A2ACD2C597C9 /* [CP] Check Pods Manifest.lock */,
				BCBA49F42825937F00D3A2E9 /* Sources */,
				BCBA49F52825937F00D3A2E9 /* Frameworks */,
				BCBA49F62825937F00D3A2E9 /* Resources */,
			);
			buildRules = (
			);
			dependencies = (
				BCBA49FA2825937F00D3A2E9 /* PBXTargetDependency */,
			);
			name = FlickerImageSearchTests;
			productName = FlickerImageSearchTests;
			productReference = BCBA49F82825937F00D3A2E9 /* FlickerImageSearchTests.xctest */;
			productType = "com.apple.product-type.bundle.unit-test";
		};
		BCBA4A012825937F00D3A2E9 /* FlickerImageSearchUITests */ = {
			isa = PBXNativeTarget;
			buildConfigurationList = BCBA4A122825937F00D3A2E9 /* Build configuration list for PBXNativeTarget "FlickerImageSearchUITests" */;
			buildPhases = (
				BF8DB9CB48B59ED15CD7072B /* [CP] Check Pods Manifest.lock */,
				BCBA49FE2825937F00D3A2E9 /* Sources */,
				BCBA49FF2825937F00D3A2E9 /* Frameworks */,
				BCBA4A002825937F00D3A2E9 /* Resources */,
				AA2B6C6F487769D29F2BA014 /* [CP] Embed Pods Frameworks */,
			);
			buildRules = (
			);
			dependencies = (
				BCBA4A042825937F00D3A2E9 /* PBXTargetDependency */,
			);
			name = FlickerImageSearchUITests;
			productName = FlickerImageSearchUITests;
			productReference = BCBA4A022825937F00D3A2E9 /* FlickerImageSearchUITests.xctest */;
			productType = "com.apple.product-type.bundle.ui-testing";
		};
/* End PBXNativeTarget section */

/* Begin PBXProject section */
		BCBA49DA2825937D00D3A2E9 /* Project object */ = {
			isa = PBXProject;
			attributes = {
				BuildIndependentTargetsInParallel = 1;
				LastSwiftUpdateCheck = 1320;
				LastUpgradeCheck = 1320;
				TargetAttributes = {
					BCBA49E12825937D00D3A2E9 = {
						CreatedOnToolsVersion = 13.2.1;
					};
					BCBA49F72825937F00D3A2E9 = {
						CreatedOnToolsVersion = 13.2.1;
						TestTargetID = BCBA49E12825937D00D3A2E9;
					};
					BCBA4A012825937F00D3A2E9 = {
						CreatedOnToolsVersion = 13.2.1;
						TestTargetID = BCBA49E12825937D00D3A2E9;
					};
				};
			};
			buildConfigurationList = BCBA49DD2825937D00D3A2E9 /* Build configuration list for PBXProject "FlickerImageSearch" */;
			compatibilityVersion = "Xcode 13.0";
			developmentRegion = en;
			hasScannedForEncodings = 0;
			knownRegions = (
				en,
				Base,
			);
			mainGroup = BCBA49D92825937D00D3A2E9;
			productRefGroup = BCBA49E32825937D00D3A2E9 /* Products */;
			projectDirPath = "";
			projectRoot = "";
			targets = (
				BCBA49E12825937D00D3A2E9 /* FlickerImageSearch */,
				BCBA49F72825937F00D3A2E9 /* FlickerImageSearchTests */,
				BCBA4A012825937F00D3A2E9 /* FlickerImageSearchUITests */,
			);
		};
/* End PBXProject section */

/* Begin PBXResourcesBuildPhase section */
		BCBA49E02825937D00D3A2E9 /* Resources */ = {
			isa = PBXResourcesBuildPhase;
			buildActionMask = 2147483647;
			files = (
				BCBA49F22825937F00D3A2E9 /* LaunchScreen.storyboard in Resources */,
				BC96EE0B282705D20066E511 /* FlickerImageCollectionViewCell.xib in Resources */,
				BC96EE1828271E6E0066E511 /* RecentSearchCollectionViewCell.xib in Resources */,
				BCBA49EF2825937F00D3A2E9 /* Assets.xcassets in Resources */,
				BCBA49ED2825937D00D3A2E9 /* Main.storyboard in Resources */,
				BC96EE212827CCF50066E511 /* FlickerHeaderCollectionReusableView.xib in Resources */,
			);
			runOnlyForDeploymentPostprocessing = 0;
		};
		BCBA49F62825937F00D3A2E9 /* Resources */ = {
			isa = PBXResourcesBuildPhase;
			buildActionMask = 2147483647;
			files = (
				BC96EE4B2829D5FA0066E511 /* searchSample.json in Resources */,
			);
			runOnlyForDeploymentPostprocessing = 0;
		};
		BCBA4A002825937F00D3A2E9 /* Resources */ = {
			isa = PBXResourcesBuildPhase;
			buildActionMask = 2147483647;
			files = (
			);
			runOnlyForDeploymentPostprocessing = 0;
		};
/* End PBXResourcesBuildPhase section */

/* Begin PBXShellScriptBuildPhase section */
		12AF64141EA5DB9E2AA0E77A /* [CP] Check Pods Manifest.lock */ = {
			isa = PBXShellScriptBuildPhase;
			buildActionMask = 2147483647;
			files = (
			);
			inputFileListPaths = (
			);
			inputPaths = (
				"${PODS_PODFILE_DIR_PATH}/Podfile.lock",
				"${PODS_ROOT}/Manifest.lock",
			);
			name = "[CP] Check Pods Manifest.lock";
			outputFileListPaths = (
			);
			outputPaths = (
				"$(DERIVED_FILE_DIR)/Pods-FlickerImageSearch-checkManifestLockResult.txt",
			);
			runOnlyForDeploymentPostprocessing = 0;
			shellPath = /bin/sh;
			shellScript = "diff \"${PODS_PODFILE_DIR_PATH}/Podfile.lock\" \"${PODS_ROOT}/Manifest.lock\" > /dev/null\nif [ $? != 0 ] ; then\n    # print error to STDERR\n    echo \"error: The sandbox is not in sync with the Podfile.lock. Run 'pod install' or update your CocoaPods installation.\" >&2\n    exit 1\nfi\n# This output is used by Xcode 'outputs' to avoid re-running this script phase.\necho \"SUCCESS\" > \"${SCRIPT_OUTPUT_FILE_0}\"\n";
			showEnvVarsInLog = 0;
		};
		4B9B0B9B7F6AA07B57EE3413 /* [CP] Embed Pods Frameworks */ = {
			isa = PBXShellScriptBuildPhase;
			buildActionMask = 2147483647;
			files = (
			);
			inputFileListPaths = (
				"${PODS_ROOT}/Target Support Files/Pods-FlickerImageSearch/Pods-FlickerImageSearch-frameworks-${CONFIGURATION}-input-files.xcfilelist",
			);
			name = "[CP] Embed Pods Frameworks";
			outputFileListPaths = (
				"${PODS_ROOT}/Target Support Files/Pods-FlickerImageSearch/Pods-FlickerImageSearch-frameworks-${CONFIGURATION}-output-files.xcfilelist",
			);
			runOnlyForDeploymentPostprocessing = 0;
			shellPath = /bin/sh;
			shellScript = "\"${PODS_ROOT}/Target Support Files/Pods-FlickerImageSearch/Pods-FlickerImageSearch-frameworks.sh\"\n";
			showEnvVarsInLog = 0;
		};
		71629D0E9D26A2ACD2C597C9 /* [CP] Check Pods Manifest.lock */ = {
			isa = PBXShellScriptBuildPhase;
			buildActionMask = 2147483647;
			files = (
			);
			inputFileListPaths = (
			);
			inputPaths = (
				"${PODS_PODFILE_DIR_PATH}/Podfile.lock",
				"${PODS_ROOT}/Manifest.lock",
			);
			name = "[CP] Check Pods Manifest.lock";
			outputFileListPaths = (
			);
			outputPaths = (
				"$(DERIVED_FILE_DIR)/Pods-FlickerImageSearchTests-checkManifestLockResult.txt",
			);
			runOnlyForDeploymentPostprocessing = 0;
			shellPath = /bin/sh;
			shellScript = "diff \"${PODS_PODFILE_DIR_PATH}/Podfile.lock\" \"${PODS_ROOT}/Manifest.lock\" > /dev/null\nif [ $? != 0 ] ; then\n    # print error to STDERR\n    echo \"error: The sandbox is not in sync with the Podfile.lock. Run 'pod install' or update your CocoaPods installation.\" >&2\n    exit 1\nfi\n# This output is used by Xcode 'outputs' to avoid re-running this script phase.\necho \"SUCCESS\" > \"${SCRIPT_OUTPUT_FILE_0}\"\n";
			showEnvVarsInLog = 0;
		};
		AA2B6C6F487769D29F2BA014 /* [CP] Embed Pods Frameworks */ = {
			isa = PBXShellScriptBuildPhase;
			buildActionMask = 2147483647;
			files = (
			);
			inputFileListPaths = (
				"${PODS_ROOT}/Target Support Files/Pods-FlickerImageSearch-FlickerImageSearchUITests/Pods-FlickerImageSearch-FlickerImageSearchUITests-frameworks-${CONFIGURATION}-input-files.xcfilelist",
			);
			name = "[CP] Embed Pods Frameworks";
			outputFileListPaths = (
				"${PODS_ROOT}/Target Support Files/Pods-FlickerImageSearch-FlickerImageSearchUITests/Pods-FlickerImageSearch-FlickerImageSearchUITests-frameworks-${CONFIGURATION}-output-files.xcfilelist",
			);
			runOnlyForDeploymentPostprocessing = 0;
			shellPath = /bin/sh;
			shellScript = "\"${PODS_ROOT}/Target Support Files/Pods-FlickerImageSearch-FlickerImageSearchUITests/Pods-FlickerImageSearch-FlickerImageSearchUITests-frameworks.sh\"\n";
			showEnvVarsInLog = 0;
		};
		BF8DB9CB48B59ED15CD7072B /* [CP] Check Pods Manifest.lock */ = {
			isa = PBXShellScriptBuildPhase;
			buildActionMask = 2147483647;
			files = (
			);
			inputFileListPaths = (
			);
			inputPaths = (
				"${PODS_PODFILE_DIR_PATH}/Podfile.lock",
				"${PODS_ROOT}/Manifest.lock",
			);
			name = "[CP] Check Pods Manifest.lock";
			outputFileListPaths = (
			);
			outputPaths = (
				"$(DERIVED_FILE_DIR)/Pods-FlickerImageSearch-FlickerImageSearchUITests-checkManifestLockResult.txt",
			);
			runOnlyForDeploymentPostprocessing = 0;
			shellPath = /bin/sh;
			shellScript = "diff \"${PODS_PODFILE_DIR_PATH}/Podfile.lock\" \"${PODS_ROOT}/Manifest.lock\" > /dev/null\nif [ $? != 0 ] ; then\n    # print error to STDERR\n    echo \"error: The sandbox is not in sync with the Podfile.lock. Run 'pod install' or update your CocoaPods installation.\" >&2\n    exit 1\nfi\n# This output is used by Xcode 'outputs' to avoid re-running this script phase.\necho \"SUCCESS\" > \"${SCRIPT_OUTPUT_FILE_0}\"\n";
			showEnvVarsInLog = 0;
		};
/* End PBXShellScriptBuildPhase section */

/* Begin PBXSourcesBuildPhase section */
		BCBA49DE2825937D00D3A2E9 /* Sources */ = {
			isa = PBXSourcesBuildPhase;
			buildActionMask = 2147483647;
			files = (
				BC96EE0F28270BAB0066E511 /* FlickerImageModel.swift in Sources */,
				BCBA4A1C2825985B00D3A2E9 /* NetworkBody.swift in Sources */,
				BCBA4A172825953B00D3A2E9 /* NetworkManager.swift in Sources */,
				BC96EE1E2827CCF50066E511 /* FlickerHeaderCollectionReusableView.swift in Sources */,
				BCBA4A23282599F500D3A2E9 /* NetworkEnvironment.swift in Sources */,
				BC96EE1528271E6E0066E511 /* RecentSearchCollectionViewCell.swift in Sources */,
				BC96EE472829C1F10066E511 /* ConnectionManager.swift in Sources */,
				BCBA4A192825977200D3A2E9 /* NetworkRequest.swift in Sources */,
				BC99CC0B2825A4BE00AEA12A /* NetworkResponse.swift in Sources */,
				BCBA49EA2825937D00D3A2E9 /* FlickerSearchViewController.swift in Sources */,
				BC99CC052825A2C800AEA12A /* ErrorHandler.swift in Sources */,
				BC99CC2828268EF500AEA12A /* Extensions.swift in Sources */,
				BC99CC082825A31000AEA12A /* HTTPStatusCode.swift in Sources */,
				BC99CC382826997700AEA12A /* FlickerSearchViewModel.swift in Sources */,
				BC99CC3428268FD200AEA12A /* ImageSearchService.swift in Sources */,
				BC99CC3028268FD200AEA12A /* Constant.swift in Sources */,
				BCBA49E62825937D00D3A2E9 /* AppDelegate.swift in Sources */,
				BCBA49E82825937D00D3A2E9 /* SceneDelegate.swift in Sources */,
				BC96EE08282705D20066E511 /* FlickerImageCollectionViewCell.swift in Sources */,
				BC99CC2028268D7C00AEA12A /* NetworkLogger.swift in Sources */,
				BC99CC3228268FD200AEA12A /* FlickerSearchResult.swift in Sources */,
				BC96EE432829940B0066E511 /* FlickerSearchDataSource.swift in Sources */,
			);
			runOnlyForDeploymentPostprocessing = 0;
		};
		BCBA49F42825937F00D3A2E9 /* Sources */ = {
			isa = PBXSourcesBuildPhase;
			buildActionMask = 2147483647;
			files = (
				BC99CC062825A2CA00AEA12A /* ErrorHandler.swift in Sources */,
				BCBA4A1D2825985B00D3A2E9 /* NetworkBody.swift in Sources */,
				BCBA4A1A2825977200D3A2E9 /* NetworkRequest.swift in Sources */,
				BC96EE242827E9620066E511 /* Constant.swift in Sources */,
				BC99CC0C2825A4BE00AEA12A /* NetworkResponse.swift in Sources */,
				BC99CC2928268EF500AEA12A /* Extensions.swift in Sources */,
				BC96EE492829D15C0066E511 /* FlickerImageDataSourceTests.swift in Sources */,
				BCBA4A24282599F500D3A2E9 /* NetworkEnvironment.swift in Sources */,
				BC99CC2128268D7C00AEA12A /* NetworkLogger.swift in Sources */,
				BC99CC092825A31000AEA12A /* HTTPStatusCode.swift in Sources */,
				BCBA49FD2825937F00D3A2E9 /* FlickerImageSearchTests.swift in Sources */,
			);
			runOnlyForDeploymentPostprocessing = 0;
		};
		BCBA49FE2825937F00D3A2E9 /* Sources */ = {
			isa = PBXSourcesBuildPhase;
			buildActionMask = 2147483647;
			files = (
				BCBA4A072825937F00D3A2E9 /* FlickerImageSearchUITests.swift in Sources */,
				BCBA4A092825937F00D3A2E9 /* FlickerImageSearchUITestsLaunchTests.swift in Sources */,
			);
			runOnlyForDeploymentPostprocessing = 0;
		};
/* End PBXSourcesBuildPhase section */

/* Begin PBXTargetDependency section */
		BCBA49FA2825937F00D3A2E9 /* PBXTargetDependency */ = {
			isa = PBXTargetDependency;
			target = BCBA49E12825937D00D3A2E9 /* FlickerImageSearch */;
			targetProxy = BCBA49F92825937F00D3A2E9 /* PBXContainerItemProxy */;
		};
		BCBA4A042825937F00D3A2E9 /* PBXTargetDependency */ = {
			isa = PBXTargetDependency;
			target = BCBA49E12825937D00D3A2E9 /* FlickerImageSearch */;
			targetProxy = BCBA4A032825937F00D3A2E9 /* PBXContainerItemProxy */;
		};
/* End PBXTargetDependency section */

/* Begin PBXVariantGroup section */
		BCBA49EB2825937D00D3A2E9 /* Main.storyboard */ = {
			isa = PBXVariantGroup;
			children = (
				BCBA49EC2825937D00D3A2E9 /* Base */,
			);
			name = Main.storyboard;
			sourceTree = "<group>";
		};
		BCBA49F02825937F00D3A2E9 /* LaunchScreen.storyboard */ = {
			isa = PBXVariantGroup;
			children = (
				BCBA49F12825937F00D3A2E9 /* Base */,
			);
			name = LaunchScreen.storyboard;
			sourceTree = "<group>";
		};
/* End PBXVariantGroup section */

/* Begin XCBuildConfiguration section */
		BCBA4A0A2825937F00D3A2E9 /* Debug */ = {
			isa = XCBuildConfiguration;
			buildSettings = {
				ALWAYS_SEARCH_USER_PATHS = NO;
				CLANG_ANALYZER_NONNULL = YES;
				CLANG_ANALYZER_NUMBER_OBJECT_CONVERSION = YES_AGGRESSIVE;
				CLANG_CXX_LANGUAGE_STANDARD = "gnu++17";
				CLANG_CXX_LIBRARY = "libc++";
				CLANG_ENABLE_MODULES = YES;
				CLANG_ENABLE_OBJC_ARC = YES;
				CLANG_ENABLE_OBJC_WEAK = YES;
				CLANG_WARN_BLOCK_CAPTURE_AUTORELEASING = YES;
				CLANG_WARN_BOOL_CONVERSION = YES;
				CLANG_WARN_COMMA = YES;
				CLANG_WARN_CONSTANT_CONVERSION = YES;
				CLANG_WARN_DEPRECATED_OBJC_IMPLEMENTATIONS = YES;
				CLANG_WARN_DIRECT_OBJC_ISA_USAGE = YES_ERROR;
				CLANG_WARN_DOCUMENTATION_COMMENTS = YES;
				CLANG_WARN_EMPTY_BODY = YES;
				CLANG_WARN_ENUM_CONVERSION = YES;
				CLANG_WARN_INFINITE_RECURSION = YES;
				CLANG_WARN_INT_CONVERSION = YES;
				CLANG_WARN_NON_LITERAL_NULL_CONVERSION = YES;
				CLANG_WARN_OBJC_IMPLICIT_RETAIN_SELF = YES;
				CLANG_WARN_OBJC_LITERAL_CONVERSION = YES;
				CLANG_WARN_OBJC_ROOT_CLASS = YES_ERROR;
				CLANG_WARN_QUOTED_INCLUDE_IN_FRAMEWORK_HEADER = YES;
				CLANG_WARN_RANGE_LOOP_ANALYSIS = YES;
				CLANG_WARN_STRICT_PROTOTYPES = YES;
				CLANG_WARN_SUSPICIOUS_MOVE = YES;
				CLANG_WARN_UNGUARDED_AVAILABILITY = YES_AGGRESSIVE;
				CLANG_WARN_UNREACHABLE_CODE = YES;
				CLANG_WARN__DUPLICATE_METHOD_MATCH = YES;
				COPY_PHASE_STRIP = NO;
				DEBUG_INFORMATION_FORMAT = dwarf;
				ENABLE_STRICT_OBJC_MSGSEND = YES;
				ENABLE_TESTABILITY = YES;
				GCC_C_LANGUAGE_STANDARD = gnu11;
				GCC_DYNAMIC_NO_PIC = NO;
				GCC_NO_COMMON_BLOCKS = YES;
				GCC_OPTIMIZATION_LEVEL = 0;
				GCC_PREPROCESSOR_DEFINITIONS = (
					"DEBUG=1",
					"$(inherited)",
				);
				GCC_WARN_64_TO_32_BIT_CONVERSION = YES;
				GCC_WARN_ABOUT_RETURN_TYPE = YES_ERROR;
				GCC_WARN_UNDECLARED_SELECTOR = YES;
				GCC_WARN_UNINITIALIZED_AUTOS = YES_AGGRESSIVE;
				GCC_WARN_UNUSED_FUNCTION = YES;
				GCC_WARN_UNUSED_VARIABLE = YES;
				IPHONEOS_DEPLOYMENT_TARGET = 12.0;
				MTL_ENABLE_DEBUG_INFO = INCLUDE_SOURCE;
				MTL_FAST_MATH = YES;
				ONLY_ACTIVE_ARCH = YES;
				SDKROOT = iphoneos;
				SWIFT_ACTIVE_COMPILATION_CONDITIONS = DEBUG;
				SWIFT_OPTIMIZATION_LEVEL = "-Onone";
			};
			name = Debug;
		};
		BCBA4A0B2825937F00D3A2E9 /* Release */ = {
			isa = XCBuildConfiguration;
			buildSettings = {
				ALWAYS_SEARCH_USER_PATHS = NO;
				CLANG_ANALYZER_NONNULL = YES;
				CLANG_ANALYZER_NUMBER_OBJECT_CONVERSION = YES_AGGRESSIVE;
				CLANG_CXX_LANGUAGE_STANDARD = "gnu++17";
				CLANG_CXX_LIBRARY = "libc++";
				CLANG_ENABLE_MODULES = YES;
				CLANG_ENABLE_OBJC_ARC = YES;
				CLANG_ENABLE_OBJC_WEAK = YES;
				CLANG_WARN_BLOCK_CAPTURE_AUTORELEASING = YES;
				CLANG_WARN_BOOL_CONVERSION = YES;
				CLANG_WARN_COMMA = YES;
				CLANG_WARN_CONSTANT_CONVERSION = YES;
				CLANG_WARN_DEPRECATED_OBJC_IMPLEMENTATIONS = YES;
				CLANG_WARN_DIRECT_OBJC_ISA_USAGE = YES_ERROR;
				CLANG_WARN_DOCUMENTATION_COMMENTS = YES;
				CLANG_WARN_EMPTY_BODY = YES;
				CLANG_WARN_ENUM_CONVERSION = YES;
				CLANG_WARN_INFINITE_RECURSION = YES;
				CLANG_WARN_INT_CONVERSION = YES;
				CLANG_WARN_NON_LITERAL_NULL_CONVERSION = YES;
				CLANG_WARN_OBJC_IMPLICIT_RETAIN_SELF = YES;
				CLANG_WARN_OBJC_LITERAL_CONVERSION = YES;
				CLANG_WARN_OBJC_ROOT_CLASS = YES_ERROR;
				CLANG_WARN_QUOTED_INCLUDE_IN_FRAMEWORK_HEADER = YES;
				CLANG_WARN_RANGE_LOOP_ANALYSIS = YES;
				CLANG_WARN_STRICT_PROTOTYPES = YES;
				CLANG_WARN_SUSPICIOUS_MOVE = YES;
				CLANG_WARN_UNGUARDED_AVAILABILITY = YES_AGGRESSIVE;
				CLANG_WARN_UNREACHABLE_CODE = YES;
				CLANG_WARN__DUPLICATE_METHOD_MATCH = YES;
				COPY_PHASE_STRIP = NO;
				DEBUG_INFORMATION_FORMAT = "dwarf-with-dsym";
				ENABLE_NS_ASSERTIONS = NO;
				ENABLE_STRICT_OBJC_MSGSEND = YES;
				GCC_C_LANGUAGE_STANDARD = gnu11;
				GCC_NO_COMMON_BLOCKS = YES;
				GCC_WARN_64_TO_32_BIT_CONVERSION = YES;
				GCC_WARN_ABOUT_RETURN_TYPE = YES_ERROR;
				GCC_WARN_UNDECLARED_SELECTOR = YES;
				GCC_WARN_UNINITIALIZED_AUTOS = YES_AGGRESSIVE;
				GCC_WARN_UNUSED_FUNCTION = YES;
				GCC_WARN_UNUSED_VARIABLE = YES;
				IPHONEOS_DEPLOYMENT_TARGET = 12.0;
				MTL_ENABLE_DEBUG_INFO = NO;
				MTL_FAST_MATH = YES;
				SDKROOT = iphoneos;
				SWIFT_COMPILATION_MODE = wholemodule;
				SWIFT_OPTIMIZATION_LEVEL = "-O";
				VALIDATE_PRODUCT = YES;
			};
			name = Release;
		};
		BCBA4A0D2825937F00D3A2E9 /* Debug */ = {
			isa = XCBuildConfiguration;
			baseConfigurationReference = E9AE1C1112B5A2C4FB0563BF /* Pods-FlickerImageSearch.debug.xcconfig */;
			buildSettings = {
				ASSETCATALOG_COMPILER_APPICON_NAME = AppIcon;
				ASSETCATALOG_COMPILER_GLOBAL_ACCENT_COLOR_NAME = AccentColor;
				CODE_SIGN_STYLE = Automatic;
				CURRENT_PROJECT_VERSION = 1;
				GENERATE_INFOPLIST_FILE = YES;
				INFOPLIST_FILE = FlickerImageSearch/Info.plist;
				INFOPLIST_KEY_UIApplicationSupportsIndirectInputEvents = YES;
				INFOPLIST_KEY_UILaunchStoryboardName = LaunchScreen;
				INFOPLIST_KEY_UIMainStoryboardFile = Main;
				INFOPLIST_KEY_UIRequiredDeviceCapabilities = armv7;
				INFOPLIST_KEY_UISupportedInterfaceOrientations = "UIInterfaceOrientationPortrait UIInterfaceOrientationLandscapeLeft UIInterfaceOrientationLandscapeRight UIInterfaceOrientationPortraitUpsideDown";
				INFOPLIST_KEY_UISupportedInterfaceOrientations_iPad = "UIInterfaceOrientationPortrait UIInterfaceOrientationPortraitUpsideDown UIInterfaceOrientationLandscapeLeft UIInterfaceOrientationLandscapeRight";
				INFOPLIST_KEY_UISupportedInterfaceOrientations_iPhone = "UIInterfaceOrientationPortrait UIInterfaceOrientationLandscapeLeft UIInterfaceOrientationLandscapeRight";
				IPHONEOS_DEPLOYMENT_TARGET = 13.0;
				LD_RUNPATH_SEARCH_PATHS = (
					"$(inherited)",
					"@executable_path/Frameworks",
				);
				MARKETING_VERSION = 1.0;
				PRODUCT_BUNDLE_IDENTIFIER = com.irfan.FlickerImageSearch;
				PRODUCT_NAME = "$(TARGET_NAME)";
				SWIFT_EMIT_LOC_STRINGS = YES;
				SWIFT_VERSION = 5.0;
				TARGETED_DEVICE_FAMILY = "1,2";
			};
			name = Debug;
		};
		BCBA4A0E2825937F00D3A2E9 /* Release */ = {
			isa = XCBuildConfiguration;
			baseConfigurationReference = 71398656FC7DABED60E7687E /* Pods-FlickerImageSearch.release.xcconfig */;
			buildSettings = {
				ASSETCATALOG_COMPILER_APPICON_NAME = AppIcon;
				ASSETCATALOG_COMPILER_GLOBAL_ACCENT_COLOR_NAME = AccentColor;
				CODE_SIGN_STYLE = Automatic;
				CURRENT_PROJECT_VERSION = 1;
				GENERATE_INFOPLIST_FILE = YES;
				INFOPLIST_FILE = FlickerImageSearch/Info.plist;
				INFOPLIST_KEY_UIApplicationSupportsIndirectInputEvents = YES;
				INFOPLIST_KEY_UILaunchStoryboardName = LaunchScreen;
				INFOPLIST_KEY_UIMainStoryboardFile = Main;
				INFOPLIST_KEY_UIRequiredDeviceCapabilities = armv7;
				INFOPLIST_KEY_UISupportedInterfaceOrientations = "UIInterfaceOrientationPortrait UIInterfaceOrientationLandscapeLeft UIInterfaceOrientationLandscapeRight UIInterfaceOrientationPortraitUpsideDown";
				INFOPLIST_KEY_UISupportedInterfaceOrientations_iPad = "UIInterfaceOrientationPortrait UIInterfaceOrientationPortraitUpsideDown UIInterfaceOrientationLandscapeLeft UIInterfaceOrientationLandscapeRight";
				INFOPLIST_KEY_UISupportedInterfaceOrientations_iPhone = "UIInterfaceOrientationPortrait UIInterfaceOrientationLandscapeLeft UIInterfaceOrientationLandscapeRight";
				IPHONEOS_DEPLOYMENT_TARGET = 13.0;
				LD_RUNPATH_SEARCH_PATHS = (
					"$(inherited)",
					"@executable_path/Frameworks",
				);
				MARKETING_VERSION = 1.0;
				PRODUCT_BUNDLE_IDENTIFIER = com.irfan.FlickerImageSearch;
				PRODUCT_NAME = "$(TARGET_NAME)";
				SWIFT_EMIT_LOC_STRINGS = YES;
				SWIFT_VERSION = 5.0;
				TARGETED_DEVICE_FAMILY = "1,2";
			};
			name = Release;
		};
		BCBA4A102825937F00D3A2E9 /* Debug */ = {
			isa = XCBuildConfiguration;
			baseConfigurationReference = 67933F4F479E1F680E59C920 /* Pods-FlickerImageSearchTests.debug.xcconfig */;
			buildSettings = {
				ALWAYS_EMBED_SWIFT_STANDARD_LIBRARIES = YES;
				BUNDLE_LOADER = "$(TEST_HOST)";
				CODE_SIGN_STYLE = Automatic;
				CURRENT_PROJECT_VERSION = 1;
				GENERATE_INFOPLIST_FILE = YES;
				IPHONEOS_DEPLOYMENT_TARGET = 15.2;
				MARKETING_VERSION = 1.0;
				PRODUCT_BUNDLE_IDENTIFIER = com.irfan.FlickerImageSearchTests;
				PRODUCT_NAME = "$(TARGET_NAME)";
				SWIFT_EMIT_LOC_STRINGS = NO;
				SWIFT_VERSION = 5.0;
				TARGETED_DEVICE_FAMILY = "1,2";
				TEST_HOST = "$(BUILT_PRODUCTS_DIR)/FlickerImageSearch.app/FlickerImageSearch";
			};
			name = Debug;
		};
		BCBA4A112825937F00D3A2E9 /* Release */ = {
			isa = XCBuildConfiguration;
			baseConfigurationReference = AAE3F55129B2C20B21EB5430 /* Pods-FlickerImageSearchTests.release.xcconfig */;
			buildSettings = {
				ALWAYS_EMBED_SWIFT_STANDARD_LIBRARIES = YES;
				BUNDLE_LOADER = "$(TEST_HOST)";
				CODE_SIGN_STYLE = Automatic;
				CURRENT_PROJECT_VERSION = 1;
				GENERATE_INFOPLIST_FILE = YES;
				IPHONEOS_DEPLOYMENT_TARGET = 15.2;
				MARKETING_VERSION = 1.0;
				PRODUCT_BUNDLE_IDENTIFIER = com.irfan.FlickerImageSearchTests;
				PRODUCT_NAME = "$(TARGET_NAME)";
				SWIFT_EMIT_LOC_STRINGS = NO;
				SWIFT_VERSION = 5.0;
				TARGETED_DEVICE_FAMILY = "1,2";
				TEST_HOST = "$(BUILT_PRODUCTS_DIR)/FlickerImageSearch.app/FlickerImageSearch";
			};
			name = Release;
		};
		BCBA4A132825937F00D3A2E9 /* Debug */ = {
			isa = XCBuildConfiguration;
			baseConfigurationReference = DCF1F8A9B6002DC177248EF7 /* Pods-FlickerImageSearch-FlickerImageSearchUITests.debug.xcconfig */;
			buildSettings = {
				ALWAYS_EMBED_SWIFT_STANDARD_LIBRARIES = YES;
				CODE_SIGN_STYLE = Automatic;
				CURRENT_PROJECT_VERSION = 1;
				GENERATE_INFOPLIST_FILE = YES;
				MARKETING_VERSION = 1.0;
				PRODUCT_BUNDLE_IDENTIFIER = com.irfan.FlickerImageSearchUITests;
				PRODUCT_NAME = "$(TARGET_NAME)";
				SWIFT_EMIT_LOC_STRINGS = NO;
				SWIFT_VERSION = 5.0;
				TARGETED_DEVICE_FAMILY = "1,2";
				TEST_TARGET_NAME = FlickerImageSearch;
			};
			name = Debug;
		};
		BCBA4A142825937F00D3A2E9 /* Release */ = {
			isa = XCBuildConfiguration;
			baseConfigurationReference = 1C1B269445BB449C9A771DD4 /* Pods-FlickerImageSearch-FlickerImageSearchUITests.release.xcconfig */;
			buildSettings = {
				ALWAYS_EMBED_SWIFT_STANDARD_LIBRARIES = YES;
				CODE_SIGN_STYLE = Automatic;
				CURRENT_PROJECT_VERSION = 1;
				GENERATE_INFOPLIST_FILE = YES;
				MARKETING_VERSION = 1.0;
				PRODUCT_BUNDLE_IDENTIFIER = com.irfan.FlickerImageSearchUITests;
				PRODUCT_NAME = "$(TARGET_NAME)";
				SWIFT_EMIT_LOC_STRINGS = NO;
				SWIFT_VERSION = 5.0;
				TARGETED_DEVICE_FAMILY = "1,2";
				TEST_TARGET_NAME = FlickerImageSearch;
			};
			name = Release;
		};
/* End XCBuildConfiguration section */

/* Begin XCConfigurationList section */
		BCBA49DD2825937D00D3A2E9 /* Build configuration list for PBXProject "FlickerImageSearch" */ = {
			isa = XCConfigurationList;
			buildConfigurations = (
				BCBA4A0A2825937F00D3A2E9 /* Debug */,
				BCBA4A0B2825937F00D3A2E9 /* Release */,
			);
			defaultConfigurationIsVisible = 0;
			defaultConfigurationName = Release;
		};
		BCBA4A0C2825937F00D3A2E9 /* Build configuration list for PBXNativeTarget "FlickerImageSearch" */ = {
			isa = XCConfigurationList;
			buildConfigurations = (
				BCBA4A0D2825937F00D3A2E9 /* Debug */,
				BCBA4A0E2825937F00D3A2E9 /* Release */,
			);
			defaultConfigurationIsVisible = 0;
			defaultConfigurationName = Release;
		};
		BCBA4A0F2825937F00D3A2E9 /* Build configuration list for PBXNativeTarget "FlickerImageSearchTests" */ = {
			isa = XCConfigurationList;
			buildConfigurations = (
				BCBA4A102825937F00D3A2E9 /* Debug */,
				BCBA4A112825937F00D3A2E9 /* Release */,
			);
			defaultConfigurationIsVisible = 0;
			defaultConfigurationName = Release;
		};
		BCBA4A122825937F00D3A2E9 /* Build configuration list for PBXNativeTarget "FlickerImageSearchUITests" */ = {
			isa = XCConfigurationList;
			buildConfigurations = (
				BCBA4A132825937F00D3A2E9 /* Debug */,
				BCBA4A142825937F00D3A2E9 /* Release */,
			);
			defaultConfigurationIsVisible = 0;
			defaultConfigurationName = Release;
		};
/* End XCConfigurationList section */
	};
	rootObject = BCBA49DA2825937D00D3A2E9 /* Project object */;
}
